
Microsoft Visual Studio Solution File, Format Version 12.00
# Visual Studio Version 17
VisualStudioVersion = 17.9.34723.18
MinimumVisualStudioVersion = 10.0.40219.1
Project("{9A19103F-16F7-4668-BE54-9A1E7A4F7556}") = "MediBook.Application", "MediBook.Application\MediBook.Application.csproj", "{1D40674E-4661-458F-85F1-FEF7084E890E}"
EndProject
Project("{9A19103F-16F7-4668-BE54-9A1E7A4F7556}") = "MediBook.Domain", "MediBook.Domain\MediBook.Domain.csproj", "{2F0CDBEF-978D-4D77-9635-F89E0899E49C}"
EndProject
Project("{9A19103F-16F7-4668-BE54-9A1E7A4F7556}") = "MediBook.Infrastructure", "MediBook.Infrastructure\MediBook.Infrastructure.csproj", "{9504072A-D5AC-49CB-938C-BFDBF3161739}"
EndProject
Project("{9A19103F-16F7-4668-BE54-9A1E7A4F7556}") = "MediBook.Blazor", "MediBook.Blazor\MediBook.Blazor.csproj", "{515960FA-F89E-4E95-9C4A-62161162641F}"
EndProject
Project("{FAE04EC0-301F-11D3-BF4B-00C04F79EFBC}") = "MediBook.Tests", "MediBook.Infrastructure.Tests\MediBook.Tests.csproj", "{576053A4-811F-4FE0-AFE4-EEF8EF23F940}"
EndProject
Global
	GlobalSection(SolutionConfigurationPlatforms) = preSolution
		Debug|Any CPU = Debug|Any CPU
		Release|Any CPU = Release|Any CPU
	EndGlobalSection
	GlobalSection(ProjectConfigurationPlatforms) = postSolution
		{1D40674E-4661-458F-85F1-FEF7084E890E}.Debug|Any CPU.ActiveCfg = Debug|Any CPU
		{1D40674E-4661-458F-85F1-FEF7084E890E}.Debug|Any CPU.Build.0 = Debug|Any CPU
		{1D40674E-4661-458F-85F1-FEF7084E890E}.Release|Any CPU.ActiveCfg = Release|Any CPU
		{1D40674E-4661-458F-85F1-FEF7084E890E}.Release|Any CPU.Build.0 = Release|Any CPU
		{2F0CDBEF-978D-4D77-9635-F89E0899E49C}.Debug|Any CPU.ActiveCfg = Debug|Any CPU
		{2F0CDBEF-978D-4D77-9635-F89E0899E49C}.Debug|Any CPU.Build.0 = Debug|Any CPU
		{2F0CDBEF-978D-4D77-9635-F89E0899E49C}.Release|Any CPU.ActiveCfg = Release|Any CPU
		{2F0CDBEF-978D-4D77-9635-F89E0899E49C}.Release|Any CPU.Build.0 = Release|Any CPU
		{9504072A-D5AC-49CB-938C-BFDBF3161739}.Debug|Any CPU.ActiveCfg = Debug|Any CPU
		{9504072A-D5AC-49CB-938C-BFDBF3161739}.Debug|Any CPU.Build.0 = Debug|Any CPU
		{9504072A-D5AC-49CB-938C-BFDBF3161739}.Release|Any CPU.ActiveCfg = Release|Any CPU
		{9504072A-D5AC-49CB-938C-BFDBF3161739}.Release|Any CPU.Build.0 = Release|Any CPU
		{515960FA-F89E-4E95-9C4A-62161162641F}.Debug|Any CPU.ActiveCfg = Debug|Any CPU
		{515960FA-F89E-4E95-9C4A-62161162641F}.Debug|Any CPU.Build.0 = Debug|Any CPU
		{515960FA-F89E-4E95-9C4A-62161162641F}.Release|Any CPU.ActiveCfg = Release|Any CPU
		{515960FA-F89E-4E95-9C4A-62161162641F}.Release|Any CPU.Build.0 = Release|Any CPU
		{576053A4-811F-4FE0-AFE4-EEF8EF23F940}.Debug|Any CPU.ActiveCfg = Debug|Any CPU
		{576053A4-811F-4FE0-AFE4-EEF8EF23F940}.Debug|Any CPU.Build.0 = Debug|Any CPU
		{576053A4-811F-4FE0-AFE4-EEF8EF23F940}.Release|Any CPU.ActiveCfg = Release|Any CPU
		{576053A4-811F-4FE0-AFE4-EEF8EF23F940}.Release|Any CPU.Build.0 = Release|Any CPU
	EndGlobalSection
	GlobalSection(SolutionProperties) = preSolution
		HideSolutionNode = FALSE
	EndGlobalSection
	GlobalSection(ExtensibilityGlobals) = postSolution
		SolutionGuid = {7465A72F-64D8-4E3C-A932-E8BE3FA31631}
	EndGlobalSection
EndGlobal
